// !$*UTF8*$!
{
	archiveVersion = 1;
	classes = {
	};
	objectVersion = 77;
	objects = {

/* Begin PBXContainerItemProxy section */
		25EB232F2ED43F2200B1CEB3 /* PBXContainerItemProxy */ = {
			isa = PBXContainerItemProxy;
			containerPortal = 25EB23162ED43F2000B1CEB3 /* Project object */;
			proxyType = 1;
			remoteGlobalIDString = 25EB231D2ED43F2000B1CEB3;
			remoteInfo = RiseTime;
		};
		25EB23392ED43F2200B1CEB3 /* PBXContainerItemProxy */ = {
			isa = PBXContainerItemProxy;
			containerPortal = 25EB23162ED43F2000B1CEB3 /* Project object */;
			proxyType = 1;
			remoteGlobalIDString = 25EB231D2ED43F2000B1CEB3;
			remoteInfo = RiseTime;
		};
/* End PBXContainerItemProxy section */

/* Begin PBXFileReference section */
		25EB231E2ED43F2000B1CEB3 /* RiseTime.app */ = {isa = PBXFileReference; explicitFileType = wrapper.application; includeInIndex = 0; path = RiseTime.app; sourceTree = BUILT_PRODUCTS_DIR; };
		25EB232E2ED43F2200B1CEB3 /* RiseTimeTests.xctest */ = {isa = PBXFileReference; explicitFileType = wrapper.cfbundle; includeInIndex = 0; path = RiseTimeTests.xctest; sourceTree = BUILT_PRODUCTS_DIR; };
		25EB23382ED43F2200B1CEB3 /* RiseTimeUITests.xctest */ = {isa = PBXFileReference; explicitFileType = wrapper.cfbundle; includeInIndex = 0; path = RiseTimeUITests.xctest; sourceTree = BUILT_PRODUCTS_DIR; };
/* End PBXFileReference section */

/* Begin PBXFileSystemSynchronizedRootGroup section */
		25EB23202ED43F2000B1CEB3 /* RiseTime */ = {
			isa = PBXFileSystemSynchronizedRootGroup;
			path = RiseTime;
			sourceTree = "<group>";
		};
		25EB23312ED43F2200B1CEB3 /* RiseTimeTests */ = {
			isa = PBXFileSystemSynchronizedRootGroup;
			path = RiseTimeTests;
			sourceTree = "<group>";
		};
		25EB233B2ED43F2200B1CEB3 /* RiseTimeUITests */ = {
			isa = PBXFileSystemSynchronizedRootGroup;
			path = RiseTimeUITests;
			sourceTree = "<group>";
		};
/* End PBXFileSystemSynchronizedRootGroup section */

/* Begin PBXFrameworksBuildPhase section */
		25EB231B2ED43F2000B1CEB3 /* Frameworks */ = {
			isa = PBXFrameworksBuildPhase;
			buildActionMask = 2147483647;
			files = (
			);
			runOnlyForDeploymentPostprocessing = 0;
		};
		25EB232B2ED43F2200B1CEB3 /* Frameworks */ = {
			isa = PBXFrameworksBuildPhase;
			buildActionMask = 2147483647;
			files = (
			);
			runOnlyForDeploymentPostprocessing = 0;
		};
		25EB23352ED43F2200B1CEB3 /* Frameworks */ = {
			isa = PBXFrameworksBuildPhase;
			buildActionMask = 2147483647;
			files = (
			);
			runOnlyForDeploymentPostprocessing = 0;
		};
/* End PBXFrameworksBuildPhase section */

/* Begin PBXGroup section */
		25EB23152ED43F2000B1CEB3 = {
			isa = PBXGroup;
			children = (
				25EB23202ED43F2000B1CEB3 /* RiseTime */,
				25EB23312ED43F2200B1CEB3 /* RiseTimeTests */,
				25EB233B2ED43F2200B1CEB3 /* RiseTimeUITests */,
				25EB231F2ED43F2000B1CEB3 /* Products */,
			);
			sourceTree = "<group>";
		};
		25EB231F2ED43F2000B1CEB3 /* Products */ = {
			isa = PBXGroup;
			children = (
				25EB231E2ED43F2000B1CEB3 /* RiseTime.app */,
				25EB232E2ED43F2200B1CEB3 /* RiseTimeTests.xctest */,
				25EB23382ED43F2200B1CEB3 /* RiseTimeUITests.xctest */,
			);
			name = Products;
			sourceTree = "<group>";
		};
/* End PBXGroup section */

/* Begin PBXNativeTarget section */
		25EB231D2ED43F2000B1CEB3 /* RiseTime */ = {
			isa = PBXNativeTarget;
			buildConfigurationList = 25EB23422ED43F2200B1CEB3 /* Build configuration list for PBXNativeTarget "RiseTime" */;
			buildPhases = (
				25EB231A2ED43F2000B1CEB3 /* Sources */,
				25EB231B2ED43F2000B1CEB3 /* Frameworks */,
				25EB231C2ED43F2000B1CEB3 /* Resources */,
			);
			buildRules = (
			);
			dependencies = (
			);
			fileSystemSynchronizedGroups = (
				25EB23202ED43F2000B1CEB3 /* RiseTime */,
			);
			name = RiseTime;
			packageProductDependencies = (
			);
			productName = RiseTime;
			productReference = 25EB231E2ED43F2000B1CEB3 /* RiseTime.app */;
			productType = "com.apple.product-type.application";
		};
		25EB232D2ED43F2200B1CEB3 /* RiseTimeTests */ = {
			isa = PBXNativeTarget;
			buildConfigurationList = 25EB23452ED43F2200B1CEB3 /* Build configuration list for PBXNativeTarget "RiseTimeTests" */;
			buildPhases = (
				25EB232A2ED43F2200B1CEB3 /* Sources */,
				25EB232B2ED43F2200B1CEB3 /* Frameworks */,
				25EB232C2ED43F2200B1CEB3 /* Resources */,
			);
			buildRules = (
			);
			dependencies = (
				25EB23302ED43F2200B1CEB3 /* PBXTargetDependency */,
			);
			fileSystemSynchronizedGroups = (
				25EB23312ED43F2200B1CEB3 /* RiseTimeTests */,
			);
			name = RiseTimeTests;
			packageProductDependencies = (
			);
			productName = RiseTimeTests;
			productReference = 25EB232E2ED43F2200B1CEB3 /* RiseTimeTests.xctest */;
			productType = "com.apple.product-type.bundle.unit-test";
		};
		25EB23372ED43F2200B1CEB3 /* RiseTimeUITests */ = {
			isa = PBXNativeTarget;
			buildConfigurationList = 25EB23482ED43F2200B1CEB3 /* Build configuration list for PBXNativeTarget "RiseTimeUITests" */;
			buildPhases = (
				25EB23342ED43F2200B1CEB3 /* Sources */,
				25EB23352ED43F2200B1CEB3 /* Frameworks */,
				25EB23362ED43F2200B1CEB3 /* Resources */,
			);
			buildRules = (
			);
			dependencies = (
				25EB233A2ED43F2200B1CEB3 /* PBXTargetDependency */,
			);
			fileSystemSynchronizedGroups = (
				25EB233B2ED43F2200B1CEB3 /* RiseTimeUITests */,
			);
			name = RiseTimeUITests;
			packageProductDependencies = (
			);
			productName = RiseTimeUITests;
			productReference = 25EB23382ED43F2200B1CEB3 /* RiseTimeUITests.xctest */;
			productType = "com.apple.product-type.bundle.ui-testing";
		};
/* End PBXNativeTarget section */

/* Begin PBXProject section */
		25EB23162ED43F2000B1CEB3 /* Project object */ = {
			isa = PBXProject;
			attributes = {
				BuildIndependentTargetsInParallel = 1;
				LastSwiftUpdateCheck = 1610;
				LastUpgradeCheck = 1610;
				TargetAttributes = {
					25EB231D2ED43F2000B1CEB3 = {
						CreatedOnToolsVersion = 16.1;
					};
					25EB232D2ED43F2200B1CEB3 = {
						CreatedOnToolsVersion = 16.1;
						TestTargetID = 25EB231D2ED43F2000B1CEB3;
					};
					25EB23372ED43F2200B1CEB3 = {
						CreatedOnToolsVersion = 16.1;
						TestTargetID = 25EB231D2ED43F2000B1CEB3;
					};
				};
			};
			buildConfigurationList = 25EB23192ED43F2000B1CEB3 /* Build configuration list for PBXProject "RiseTime" */;
			developmentRegion = en;
			hasScannedForEncodings = 0;
			knownRegions = (
				en,
				Base,
			);
			mainGroup = 25EB23152ED43F2000B1CEB3;
			minimizedProjectReferenceProxies = 1;
			preferredProjectObjectVersion = 77;
			productRefGroup = 25EB231F2ED43F2000B1CEB3 /* Products */;
			projectDirPath = "";
			projectRoot = "";
			targets = (
				25EB231D2ED43F2000B1CEB3 /* RiseTime */,
				25EB232D2ED43F2200B1CEB3 /* RiseTimeTests */,
				25EB23372ED43F2200B1CEB3 /* RiseTimeUITests */,
			);
		};
/* End PBXProject section */

/* Begin PBXResourcesBuildPhase section */
		25EB231C2ED43F2000B1CEB3 /* Resources */ = {
			isa = PBXResourcesBuildPhase;
			buildActionMask = 2147483647;
			files = (
			);
			runOnlyForDeploymentPostprocessing = 0;
		};
		25EB232C2ED43F2200B1CEB3 /* Resources */ = {
			isa = PBXResourcesBuildPhase;
			buildActionMask = 2147483647;
			files = (
			);
			runOnlyForDeploymentPostprocessing = 0;
		};
		25EB23362ED43F2200B1CEB3 /* Resources */ = {
			isa = PBXResourcesBuildPhase;
			buildActionMask = 2147483647;
			files = (
			);
			runOnlyForDeploymentPostprocessing = 0;
		};
/* End PBXResourcesBuildPhase section */

/* Begin PBXSourcesBuildPhase section */
		25EB231A2ED43F2000B1CEB3 /* Sources */ = {
			isa = PBXSourcesBuildPhase;
			buildActionMask = 2147483647;
			files = (
			);
			runOnlyForDeploymentPostprocessing = 0;
		};
		25EB232A2ED43F2200B1CEB3 /* Sources */ = {
			isa = PBXSourcesBuildPhase;
			buildActionMask = 2147483647;
			files = (
			);
			runOnlyForDeploymentPostprocessing = 0;
		};
		25EB23342ED43F2200B1CEB3 /* Sources */ = {
			isa = PBXSourcesBuildPhase;
			buildActionMask = 2147483647;
			files = (
			);
			runOnlyForDeploymentPostprocessing = 0;
		};
/* End PBXSourcesBuildPhase section */

/* Begin PBXTargetDependency section */
		25EB23302ED43F2200B1CEB3 /* PBXTargetDependency */ = {
			isa = PBXTargetDependency;
			target = 25EB231D2ED43F2000B1CEB3 /* RiseTime */;
			targetProxy = 25EB232F2ED43F2200B1CEB3 /* PBXContainerItemProxy */;
		};
		25EB233A2ED43F2200B1CEB3 /* PBXTargetDependency */ = {
			isa = PBXTargetDependency;
			target = 25EB231D2ED43F2000B1CEB3 /* RiseTime */;
			targetProxy = 25EB23392ED43F2200B1CEB3 /* PBXContainerItemProxy */;
		};
/* End PBXTargetDependency section */

/* Begin XCBuildConfiguration section */
		25EB23402ED43F2200B1CEB3 /* Debug */ = {
			isa = XCBuildConfiguration;
			buildSettings = {
				ALWAYS_SEARCH_USER_PATHS = NO;
				ASSETCATALOG_COMPILER_GENERATE_SWIFT_ASSET_SYMBOL_EXTENSIONS = YES;
				CLANG_ANALYZER_NONNULL = YES;
				CLANG_ANALYZER_NUMBER_OBJECT_CONVERSION = YES_AGGRESSIVE;
				CLANG_CXX_LANGUAGE_STANDARD = "gnu++20";
				CLANG_ENABLE_MODULES = YES;
				CLANG_ENABLE_OBJC_ARC = YES;
				CLANG_ENABLE_OBJC_WEAK = YES;
				CLANG_WARN_BLOCK_CAPTURE_AUTORELEASING = YES;
				CLANG_WARN_BOOL_CONVERSION = YES;
				CLANG_WARN_COMMA = YES;
				CLANG_WARN_CONSTANT_CONVERSION = YES;
				CLANG_WARN_DEPRECATED_OBJC_IMPLEMENTATIONS = YES;
				CLANG_WARN_DIRECT_OBJC_ISA_USAGE = YES_ERROR;
				CLANG_WARN_DOCUMENTATION_COMMENTS = YES;
				CLANG_WARN_EMPTY_BODY = YES;
				CLANG_WARN_ENUM_CONVERSION = YES;
				CLANG_WARN_INFINITE_RECURSION = YES;
				CLANG_WARN_INT_CONVERSION = YES;
				CLANG_WARN_NON_LITERAL_NULL_CONVERSION = YES;
				CLANG_WARN_OBJC_IMPLICIT_RETAIN_SELF = YES;
				CLANG_WARN_OBJC_LITERAL_CONVERSION = YES;
				CLANG_WARN_OBJC_ROOT_CLASS = YES_ERROR;
				CLANG_WARN_QUOTED_INCLUDE_IN_FRAMEWORK_HEADER = YES;
				CLANG_WARN_RANGE_LOOP_ANALYSIS = YES;
				CLANG_WARN_STRICT_PROTOTYPES = YES;
				CLANG_WARN_SUSPICIOUS_MOVE = YES;
				CLANG_WARN_UNGUARDED_AVAILABILITY = YES_AGGRESSIVE;
				CLANG_WARN_UNREACHABLE_CODE = YES;
				CLANG_WARN__DUPLICATE_METHOD_MATCH = YES;
				COPY_PHASE_STRIP = NO;
				DEBUG_INFORMATION_FORMAT = dwarf;
				ENABLE_STRICT_OBJC_MSGSEND = YES;
				ENABLE_TESTABILITY = YES;
				ENABLE_USER_SCRIPT_SANDBOXING = YES;
				GCC_C_LANGUAGE_STANDARD = gnu17;
				GCC_DYNAMIC_NO_PIC = NO;
				GCC_NO_COMMON_BLOCKS = YES;
				GCC_OPTIMIZATION_LEVEL = 0;
				GCC_PREPROCESSOR_DEFINITIONS = (
					"DEBUG=1",
					"$(inherited)",
				);
				GCC_WARN_64_TO_32_BIT_CONVERSION = YES;
				GCC_WARN_ABOUT_RETURN_TYPE = YES_ERROR;
				GCC_WARN_UNDECLARED_SELECTOR = YES;
				GCC_WARN_UNINITIALIZED_AUTOS = YES_AGGRESSIVE;
				GCC_WARN_UNUSED_FUNCTION = YES;
				GCC_WARN_UNUSED_VARIABLE = YES;
				IPHONEOS_DEPLOYMENT_TARGET = 18.1;
				LOCALIZATION_PREFERS_STRING_CATALOGS = YES;
				MTL_ENABLE_DEBUG_INFO = INCLUDE_SOURCE;
				MTL_FAST_MATH = YES;
				ONLY_ACTIVE_ARCH = YES;
				SDKROOT = iphoneos;
				SWIFT_ACTIVE_COMPILATION_CONDITIONS = "DEBUG $(inherited)";
				SWIFT_OPTIMIZATION_LEVEL = "-Onone";
			};
			name = Debug;
		};
		25EB23412ED43F2200B1CEB3 /* Release */ = {
			isa = XCBuildConfiguration;
			buildSettings = {
				ALWAYS_SEARCH_USER_PATHS = NO;
				ASSETCATALOG_COMPILER_GENERATE_SWIFT_ASSET_SYMBOL_EXTENSIONS = YES;
				CLANG_ANALYZER_NONNULL = YES;
				CLANG_ANALYZER_NUMBER_OBJECT_CONVERSION = YES_AGGRESSIVE;
				CLANG_CXX_LANGUAGE_STANDARD = "gnu++20";
				CLANG_ENABLE_MODULES = YES;
				CLANG_ENABLE_OBJC_ARC = YES;
				CLANG_ENABLE_OBJC_WEAK = YES;
				CLANG_WARN_BLOCK_CAPTURE_AUTORELEASING = YES;
				CLANG_WARN_BOOL_CONVERSION = YES;
				CLANG_WARN_COMMA = YES;
				CLANG_WARN_CONSTANT_CONVERSION = YES;
				CLANG_WARN_DEPRECATED_OBJC_IMPLEMENTATIONS = YES;
				CLANG_WARN_DIRECT_OBJC_ISA_USAGE = YES_ERROR;
				CLANG_WARN_DOCUMENTATION_COMMENTS = YES;
				CLANG_WARN_EMPTY_BODY = YES;
				CLANG_WARN_ENUM_CONVERSION = YES;
				CLANG_WARN_INFINITE_RECURSION = YES;
				CLANG_WARN_INT_CONVERSION = YES;
				CLANG_WARN_NON_LITERAL_NULL_CONVERSION = YES;
				CLANG_WARN_OBJC_IMPLICIT_RETAIN_SELF = YES;
				CLANG_WARN_OBJC_LITERAL_CONVERSION = YES;
				CLANG_WARN_OBJC_ROOT_CLASS = YES_ERROR;
				CLANG_WARN_QUOTED_INCLUDE_IN_FRAMEWORK_HEADER = YES;
				CLANG_WARN_RANGE_LOOP_ANALYSIS = YES;
				CLANG_WARN_STRICT_PROTOTYPES = YES;
				CLANG_WARN_SUSPICIOUS_MOVE = YES;
				CLANG_WARN_UNGUARDED_AVAILABILITY = YES_AGGRESSIVE;
				CLANG_WARN_UNREACHABLE_CODE = YES;
				CLANG_WARN__DUPLICATE_METHOD_MATCH = YES;
				COPY_PHASE_STRIP = NO;
				DEBUG_INFORMATION_FORMAT = "dwarf-with-dsym";
				ENABLE_NS_ASSERTIONS = NO;
				ENABLE_STRICT_OBJC_MSGSEND = YES;
				ENABLE_USER_SCRIPT_SANDBOXING = YES;
				GCC_C_LANGUAGE_STANDARD = gnu17;
				GCC_NO_COMMON_BLOCKS = YES;
				GCC_WARN_64_TO_32_BIT_CONVERSION = YES;
				GCC_WARN_ABOUT_RETURN_TYPE = YES_ERROR;
				GCC_WARN_UNDECLARED_SELECTOR = YES;
				GCC_WARN_UNINITIALIZED_AUTOS = YES_AGGRESSIVE;
				GCC_WARN_UNUSED_FUNCTION = YES;
				GCC_WARN_UNUSED_VARIABLE = YES;
				IPHONEOS_DEPLOYMENT_TARGET = 18.1;
				LOCALIZATION_PREFERS_STRING_CATALOGS = YES;
				MTL_ENABLE_DEBUG_INFO = NO;
				MTL_FAST_MATH = YES;
				SDKROOT = iphoneos;
				SWIFT_COMPILATION_MODE = wholemodule;
				VALIDATE_PRODUCT = YES;
			};
			name = Release;
		};
		25EB23432ED43F2200B1CEB3 /* Debug */ = {
			isa = XCBuildConfiguration;
			buildSettings = {
				ASSETCATALOG_COMPILER_APPICON_NAME = AppIcon;
				ASSETCATALOG_COMPILER_GLOBAL_ACCENT_COLOR_NAME = AccentColor;
				CODE_SIGN_STYLE = Automatic;
				CURRENT_PROJECT_VERSION = 1;
				DEVELOPMENT_ASSET_PATHS = "\"RiseTime/Preview Content\"";
				DEVELOPMENT_TEAM = 8HG4D44UZQ;
				ENABLE_PREVIEWS = YES;
				GENERATE_INFOPLIST_FILE = YES;
				INFOPLIST_KEY_UIApplicationSceneManifest_Generation = YES;
				INFOPLIST_KEY_UIApplicationSupportsIndirectInputEvents = YES;
				INFOPLIST_KEY_UILaunchScreen_Generation = YES;
				INFOPLIST_KEY_UISupportedInterfaceOrientations_iPad = "UIInterfaceOrientationPortrait UIInterfaceOrientationPortraitUpsideDown UIInterfaceOrientationLandscapeLeft UIInterfaceOrientationLandscapeRight";
				INFOPLIST_KEY_UISupportedInterfaceOrientations_iPhone = "UIInterfaceOrientationPortrait UIInterfaceOrientationLandscapeLeft UIInterfaceOrientationLandscapeRight";
				LD_RUNPATH_SEARCH_PATHS = (
					"$(inherited)",
					"@executable_path/Frameworks",
				);
				MARKETING_VERSION = 1.0;
				PRODUCT_BUNDLE_IDENTIFIER = com.balenet.RiseTime;
				PRODUCT_NAME = "$(TARGET_NAME)";
				SWIFT_EMIT_LOC_STRINGS = YES;
				SWIFT_VERSION = 5.0;
				TARGETED_DEVICE_FAMILY = "1,2";
			};
			name = Debug;
		};
		25EB23442ED43F2200B1CEB3 /* Release */ = {
			isa = XCBuildConfiguration;
			buildSettings = {
				ASSETCATALOG_COMPILER_APPICON_NAME = AppIcon;
				ASSETCATALOG_COMPILER_GLOBAL_ACCENT_COLOR_NAME = AccentColor;
				CODE_SIGN_STYLE = Automatic;
				CURRENT_PROJECT_VERSION = 1;
				DEVELOPMENT_ASSET_PATHS = "\"RiseTime/Preview Content\"";
				DEVELOPMENT_TEAM = 8HG4D44UZQ;
				ENABLE_PREVIEWS = YES;
				GENERATE_INFOPLIST_FILE = YES;
				INFOPLIST_KEY_UIApplicationSceneManifest_Generation = YES;
				INFOPLIST_KEY_UIApplicationSupportsIndirectInputEvents = YES;
				INFOPLIST_KEY_UILaunchScreen_Generation = YES;
				INFOPLIST_KEY_UISupportedInterfaceOrientations_iPad = "UIInterfaceOrientationPortrait UIInterfaceOrientationPortraitUpsideDown UIInterfaceOrientationLandscapeLeft UIInterfaceOrientationLandscapeRight";
				INFOPLIST_KEY_UISupportedInterfaceOrientations_iPhone = "UIInterfaceOrientationPortrait UIInterfaceOrientationLandscapeLeft UIInterfaceOrientationLandscapeRight";
				LD_RUNPATH_SEARCH_PATHS = (
					"$(inherited)",
					"@executable_path/Frameworks",
				);
				MARKETING_VERSION = 1.0;
				PRODUCT_BUNDLE_IDENTIFIER = com.balenet.RiseTime;
				PRODUCT_NAME = "$(TARGET_NAME)";
				SWIFT_EMIT_LOC_STRINGS = YES;
				SWIFT_VERSION = 5.0;
				TARGETED_DEVICE_FAMILY = "1,2";
			};
			name = Release;
		};
		25EB23462ED43F2200B1CEB3 /* Debug */ = {
			isa = XCBuildConfiguration;
			buildSettings = {
				BUNDLE_LOADER = "$(TEST_HOST)";
				CODE_SIGN_STYLE = Automatic;
				CURRENT_PROJECT_VERSION = 1;
				DEVELOPMENT_TEAM = 8HG4D44UZQ;
				GENERATE_INFOPLIST_FILE = YES;
				IPHONEOS_DEPLOYMENT_TARGET = 18.1;
				MARKETING_VERSION = 1.0;
				PRODUCT_BUNDLE_IDENTIFIER = com.balenet.RiseTimeTests;
				PRODUCT_NAME = "$(TARGET_NAME)";
				SWIFT_EMIT_LOC_STRINGS = NO;
				SWIFT_VERSION = 5.0;
				TARGETED_DEVICE_FAMILY = "1,2";
				TEST_HOST = "$(BUILT_PRODUCTS_DIR)/RiseTime.app/$(BUNDLE_EXECUTABLE_FOLDER_PATH)/RiseTime";
			};
			name = Debug;
		};
		25EB23472ED43F2200B1CEB3 /* Release */ = {
			isa = XCBuildConfiguration;
			buildSettings = {
				BUNDLE_LOADER = "$(TEST_HOST)";
				CODE_SIGN_STYLE = Automatic;
				CURRENT_PROJECT_VERSION = 1;
				DEVELOPMENT_TEAM = 8HG4D44UZQ;
				GENERATE_INFOPLIST_FILE = YES;
				IPHONEOS_DEPLOYMENT_TARGET = 18.1;
				MARKETING_VERSION = 1.0;
				PRODUCT_BUNDLE_IDENTIFIER = com.balenet.RiseTimeTests;
				PRODUCT_NAME = "$(TARGET_NAME)";
				SWIFT_EMIT_LOC_STRINGS = NO;
				SWIFT_VERSION = 5.0;
				TARGETED_DEVICE_FAMILY = "1,2";
				TEST_HOST = "$(BUILT_PRODUCTS_DIR)/RiseTime.app/$(BUNDLE_EXECUTABLE_FOLDER_PATH)/RiseTime";
			};
			name = Release;
		};
		25EB23492ED43F2200B1CEB3 /* Debug */ = {
			isa = XCBuildConfiguration;
			buildSettings = {
				CODE_SIGN_STYLE = Automatic;
				CURRENT_PROJECT_VERSION = 1;
				DEVELOPMENT_TEAM = 8HG4D44UZQ;
				GENERATE_INFOPLIST_FILE = YES;
				MARKETING_VERSION = 1.0;
				PRODUCT_BUNDLE_IDENTIFIER = com.balenet.RiseTimeUITests;
				PRODUCT_NAME = "$(TARGET_NAME)";
				SWIFT_EMIT_LOC_STRINGS = NO;
				SWIFT_VERSION = 5.0;
				TARGETED_DEVICE_FAMILY = "1,2";
				TEST_TARGET_NAME = RiseTime;
			};
			name = Debug;
		};
		25EB234A2ED43F2200B1CEB3 /* Release */ = {
			isa = XCBuildConfiguration;
			buildSettings = {
				CODE_SIGN_STYLE = Automatic;
				CURRENT_PROJECT_VERSION = 1;
				DEVELOPMENT_TEAM = 8HG4D44UZQ;
				GENERATE_INFOPLIST_FILE = YES;
				MARKETING_VERSION = 1.0;
				PRODUCT_BUNDLE_IDENTIFIER = com.balenet.RiseTimeUITests;
				PRODUCT_NAME = "$(TARGET_NAME)";
				SWIFT_EMIT_LOC_STRINGS = NO;
				SWIFT_VERSION = 5.0;
				TARGETED_DEVICE_FAMILY = "1,2";
				TEST_TARGET_NAME = RiseTime;
			};
			name = Release;
		};
/* End XCBuildConfiguration section */

/* Begin XCConfigurationList section */
		25EB23192ED43F2000B1CEB3 /* Build configuration list for PBXProject "RiseTime" */ = {
			isa = XCConfigurationList;
			buildConfigurations = (
				25EB23402ED43F2200B1CEB3 /* Debug */,
				25EB23412ED43F2200B1CEB3 /* Release */,
			);
			defaultConfigurationIsVisible = 0;
			defaultConfigurationName = Release;
		};
		25EB23422ED43F2200B1CEB3 /* Build configuration list for PBXNativeTarget "RiseTime" */ = {
			isa = XCConfigurationList;
			buildConfigurations = (
				25EB23432ED43F2200B1CEB3 /* Debug */,
				25EB23442ED43F2200B1CEB3 /* Release */,
			);
			defaultConfigurationIsVisible = 0;
			defaultConfigurationName = Release;
		};
		25EB23452ED43F2200B1CEB3 /* Build configuration list for PBXNativeTarget "RiseTimeTests" */ = {
			isa = XCConfigurationList;
			buildConfigurations = (
				25EB23462ED43F2200B1CEB3 /* Debug */,
				25EB23472ED43F2200B1CEB3 /* Release */,
			);
			defaultConfigurationIsVisible = 0;
			defaultConfigurationName = Release;
		};
		25EB23482ED43F2200B1CEB3 /* Build configuration list for PBXNativeTarget "RiseTimeUITests" */ = {
			isa = XCConfigurationList;
			buildConfigurations = (
				25EB23492ED43F2200B1CEB3 /* Debug */,
				25EB234A2ED43F2200B1CEB3 /* Release */,
			);
			defaultConfigurationIsVisible = 0;
			defaultConfigurationName = Release;
		};
/* End XCConfigurationList section */
	};
	rootObject = 25EB23162ED43F2000B1CEB3 /* Project object */;
}
